
Microsoft Visual Studio Solution File, Format Version 12.00
# Visual Studio Version 17
VisualStudioVersion = 17.9.34622.214
MinimumVisualStudioVersion = 10.0.40219.1
Project("{FAE04EC0-301F-11D3-BF4B-00C04F79EFBC}") = "Libruary", "Libruary\Libruary.csproj", "{2B73A904-08AF-4C58-9099-B466AB8155A5}"
EndProject
Global
	GlobalSection(SolutionConfigurationPlatforms) = preSolution
		Debug|Any CPU = Debug|Any CPU
		Release|Any CPU = Release|Any CPU
	EndGlobalSection
	GlobalSection(ProjectConfigurationPlatforms) = postSolution
		{2B73A904-08AF-4C58-9099-B466AB8155A5}.Debug|Any CPU.ActiveCfg = Debug|Any CPU
		{2B73A904-08AF-4C58-9099-B466AB8155A5}.Debug|Any CPU.Build.0 = Debug|Any CPU
		{2B73A904-08AF-4C58-9099-B466AB8155A5}.Release|Any CPU.ActiveCfg = Release|Any CPU
		{2B73A904-08AF-4C58-9099-B466AB8155A5}.Release|Any CPU.Build.0 = Release|Any CPU
	EndGlobalSection
	GlobalSection(SolutionProperties) = preSolution
		HideSolutionNode = FALSE
	EndGlobalSection
	GlobalSection(ExtensibilityGlobals) = postSolution
		SolutionGuid = {820DA26E-B2FB-4540-9063-D999682B1C17}
	EndGlobalSection
EndGlobal
